
Microsoft Visual Studio Solution File, Format Version 12.00
# Visual Studio 14
VisualStudioVersion = 14.0.24720.0
MinimumVisualStudioVersion = 10.0.40219.1
Project("{FAE04EC0-301F-11D3-BF4B-00C04F79EFBC}") = "conceptProject", "conceptProject\conceptProject.csproj", "{0A73A183-5935-4ECF-82B6-C39F571B5BDF}"
EndProject
Project("{54435603-DBB4-11D2-8724-00A0C9A8B90C}") = "BonTempsSetup", "BonTempsSetup\BonTempsSetup.vdproj", "{7DD38866-C6DA-4C9A-96CE-A9B05AAD38ED}"
EndProject
Global
	GlobalSection(SolutionConfigurationPlatforms) = preSolution
		Debug|Any CPU = Debug|Any CPU
		Release|Any CPU = Release|Any CPU
	EndGlobalSection
	GlobalSection(ProjectConfigurationPlatforms) = postSolution
		{0A73A183-5935-4ECF-82B6-C39F571B5BDF}.Debug|Any CPU.ActiveCfg = Debug|Any CPU
		{0A73A183-5935-4ECF-82B6-C39F571B5BDF}.Debug|Any CPU.Build.0 = Debug|Any CPU
		{0A73A183-5935-4ECF-82B6-C39F571B5BDF}.Release|Any CPU.ActiveCfg = Release|Any CPU
		{0A73A183-5935-4ECF-82B6-C39F571B5BDF}.Release|Any CPU.Build.0 = Release|Any CPU
		{0A73A183-5935-4ECF-82B6-C39F571B5BDF}.Release|Any CPU.Deploy.0 = Release|Any CPU
		{7DD38866-C6DA-4C9A-96CE-A9B05AAD38ED}.Debug|Any CPU.ActiveCfg = Debug
		{7DD38866-C6DA-4C9A-96CE-A9B05AAD38ED}.Release|Any CPU.ActiveCfg = Release
	EndGlobalSection
	GlobalSection(SolutionProperties) = preSolution
		HideSolutionNode = FALSE
	EndGlobalSection
EndGlobal
